FORGE
  remote: http://forge.puppetlabs.com
  specs:
    alup/rbenv (1.2.0)
    attachmentgenie/locales (1.0.3)
      puppetlabs/stdlib (>= 2.2.1)
    elasticsearch/elasticsearch (0.3.1)
      puppetlabs/stdlib (>= 3.2.0)
    puppetlabs/apt (1.4.2)
      puppetlabs/stdlib (>= 2.2.1)
    puppetlabs/java (1.1.0)
      puppetlabs/stdlib (>= 0.1.6)
    puppetlabs/mongodb (0.7.0)
      puppetlabs/apt (>= 1.0.0)
      puppetlabs/stdlib (>= 2.2.0)
    puppetlabs/stdlib (4.2.1)
    torrancew/account (0.0.5)

DEPENDENCIES
  alup/rbenv (= 1.2.0)
  attachmentgenie/locales (= 1.0.3)
  elasticsearch/elasticsearch (= 0.3.1)
  puppetlabs/apt (>= 0)
  puppetlabs/java (= 1.1.0)
  puppetlabs/mongodb (= 0.7.0)
  puppetlabs/stdlib (>= 0)
  torrancew/account (= 0.0.5)

